// !$*UTF8*$!
{
	archiveVersion = 1;
	classes = {
	};
	objectVersion = 56;
	objects = {

/* Begin PBXBuildFile section */
		3A0791042BFD626B005746BF /* SiestaExtSimpleExampleApp.swift in Sources */ = {isa = PBXBuildFile; fileRef = 3A0791032BFD626B005746BF /* SiestaExtSimpleExampleApp.swift */; };
		3A0791062BFD626B005746BF /* PostsView.swift in Sources */ = {isa = PBXBuildFile; fileRef = 3A0791052BFD626B005746BF /* PostsView.swift */; };
		3A0791082BFD626C005746BF /* Assets.xcassets in Resources */ = {isa = PBXBuildFile; fileRef = 3A0791072BFD626C005746BF /* Assets.xcassets */; };
		3A07910C2BFD626C005746BF /* Preview Assets.xcassets in Resources */ = {isa = PBXBuildFile; fileRef = 3A07910B2BFD626C005746BF /* Preview Assets.xcassets */; };
		3A0791142BFD62E2005746BF /* APIClient.swift in Sources */ = {isa = PBXBuildFile; fileRef = 3A0791132BFD62E2005746BF /* APIClient.swift */; };
		3A0791172BFD642E005746BF /* Post.swift in Sources */ = {isa = PBXBuildFile; fileRef = 3A0791162BFD642E005746BF /* Post.swift */; };
		3A0791192BFD643E005746BF /* Comment.swift in Sources */ = {isa = PBXBuildFile; fileRef = 3A0791182BFD643E005746BF /* Comment.swift */; };
		3A07911B2BFD679B005746BF /* User.swift in Sources */ = {isa = PBXBuildFile; fileRef = 3A07911A2BFD679B005746BF /* User.swift */; };
		3A07911E2BFD6B4C005746BF /* SiestaExt in Frameworks */ = {isa = PBXBuildFile; productRef = 3A07911D2BFD6B4C005746BF /* SiestaExt */; };
		3A0791202BFD6C87005746BF /* PostView.swift in Sources */ = {isa = PBXBuildFile; fileRef = 3A07911F2BFD6C87005746BF /* PostView.swift */; };
/* End PBXBuildFile section */

/* Begin PBXFileReference section */
		3A0791002BFD626B005746BF /* SiestaExtSimpleExample.app */ = {isa = PBXFileReference; explicitFileType = wrapper.application; includeInIndex = 0; path = SiestaExtSimpleExample.app; sourceTree = BUILT_PRODUCTS_DIR; };
		3A0791032BFD626B005746BF /* SiestaExtSimpleExampleApp.swift */ = {isa = PBXFileReference; lastKnownFileType = sourcecode.swift; path = SiestaExtSimpleExampleApp.swift; sourceTree = "<group>"; };
		3A0791052BFD626B005746BF /* PostsView.swift */ = {isa = PBXFileReference; lastKnownFileType = sourcecode.swift; path = PostsView.swift; sourceTree = "<group>"; };
		3A0791072BFD626C005746BF /* Assets.xcassets */ = {isa = PBXFileReference; lastKnownFileType = folder.assetcatalog; path = Assets.xcassets; sourceTree = "<group>"; };
		3A0791092BFD626C005746BF /* SiestaExtSimpleExample.entitlements */ = {isa = PBXFileReference; lastKnownFileType = text.plist.entitlements; path = SiestaExtSimpleExample.entitlements; sourceTree = "<group>"; };
		3A07910B2BFD626C005746BF /* Preview Assets.xcassets */ = {isa = PBXFileReference; lastKnownFileType = folder.assetcatalog; path = "Preview Assets.xcassets"; sourceTree = "<group>"; };
		3A0791122BFD6293005746BF /* siestaext */ = {isa = PBXFileReference; lastKnownFileType = wrapper; name = siestaext; path = ../..; sourceTree = "<group>"; };
		3A0791132BFD62E2005746BF /* APIClient.swift */ = {isa = PBXFileReference; lastKnownFileType = sourcecode.swift; path = APIClient.swift; sourceTree = "<group>"; };
		3A0791162BFD642E005746BF /* Post.swift */ = {isa = PBXFileReference; lastKnownFileType = sourcecode.swift; path = Post.swift; sourceTree = "<group>"; };
		3A0791182BFD643E005746BF /* Comment.swift */ = {isa = PBXFileReference; lastKnownFileType = sourcecode.swift; path = Comment.swift; sourceTree = "<group>"; };
		3A07911A2BFD679B005746BF /* User.swift */ = {isa = PBXFileReference; fileEncoding = 4; lastKnownFileType = sourcecode.swift; path = User.swift; sourceTree = "<group>"; };
		3A07911F2BFD6C87005746BF /* PostView.swift */ = {isa = PBXFileReference; lastKnownFileType = sourcecode.swift; path = PostView.swift; sourceTree = "<group>"; };
/* End PBXFileReference section */

/* Begin PBXFrameworksBuildPhase section */
		3A0790FD2BFD626B005746BF /* Frameworks */ = {
			isa = PBXFrameworksBuildPhase;
			buildActionMask = 2147483647;
			files = (
				3A07911E2BFD6B4C005746BF /* SiestaExt in Frameworks */,
			);
			runOnlyForDeploymentPostprocessing = 0;
		};
/* End PBXFrameworksBuildPhase section */

/* Begin PBXGroup section */
		3A0790F72BFD626B005746BF = {
			isa = PBXGroup;
			children = (
				3A0791122BFD6293005746BF /* siestaext */,
				3A0791022BFD626B005746BF /* SiestaExtSimpleExample */,
				3A0791012BFD626B005746BF /* Products */,
				3A07911C2BFD6B4C005746BF /* Frameworks */,
			);
			sourceTree = "<group>";
		};
		3A0791012BFD626B005746BF /* Products */ = {
			isa = PBXGroup;
			children = (
				3A0791002BFD626B005746BF /* SiestaExtSimpleExample.app */,
			);
			name = Products;
			sourceTree = "<group>";
		};
		3A0791022BFD626B005746BF /* SiestaExtSimpleExample */ = {
			isa = PBXGroup;
			children = (
				3A0791032BFD626B005746BF /* SiestaExtSimpleExampleApp.swift */,
				3A0791132BFD62E2005746BF /* APIClient.swift */,
				3A0791152BFD63CB005746BF /* Model */,
				3A0791052BFD626B005746BF /* PostsView.swift */,
				3A07911F2BFD6C87005746BF /* PostView.swift */,
				3A0791072BFD626C005746BF /* Assets.xcassets */,
				3A0791092BFD626C005746BF /* SiestaExtSimpleExample.entitlements */,
				3A07910A2BFD626C005746BF /* Preview Content */,
			);
			path = SiestaExtSimpleExample;
			sourceTree = "<group>";
		};
		3A07910A2BFD626C005746BF /* Preview Content */ = {
			isa = PBXGroup;
			children = (
				3A07910B2BFD626C005746BF /* Preview Assets.xcassets */,
			);
			path = "Preview Content";
			sourceTree = "<group>";
		};
		3A0791152BFD63CB005746BF /* Model */ = {
			isa = PBXGroup;
			children = (
				3A0791162BFD642E005746BF /* Post.swift */,
				3A0791182BFD643E005746BF /* Comment.swift */,
				3A07911A2BFD679B005746BF /* User.swift */,
			);
			path = Model;
			sourceTree = "<group>";
		};
		3A07911C2BFD6B4C005746BF /* Frameworks */ = {
			isa = PBXGroup;
			children = (
			);
			name = Frameworks;
			sourceTree = "<group>";
		};
/* End PBXGroup section */

/* Begin PBXNativeTarget section */
		3A0790FF2BFD626B005746BF /* SiestaExtSimpleExample */ = {
			isa = PBXNativeTarget;
			buildConfigurationList = 3A07910F2BFD626C005746BF /* Build configuration list for PBXNativeTarget "SiestaExtSimpleExample" */;
			buildPhases = (
				3A0790FC2BFD626B005746BF /* Sources */,
				3A0790FD2BFD626B005746BF /* Frameworks */,
				3A0790FE2BFD626B005746BF /* Resources */,
			);
			buildRules = (
			);
			dependencies = (
			);
			name = SiestaExtSimpleExample;
			packageProductDependencies = (
				3A07911D2BFD6B4C005746BF /* SiestaExt */,
			);
			productName = SiestaExtSimpleExample;
			productReference = 3A0791002BFD626B005746BF /* SiestaExtSimpleExample.app */;
			productType = "com.apple.product-type.application";
		};
/* End PBXNativeTarget section */

/* Begin PBXProject section */
		3A0790F82BFD626B005746BF /* Project object */ = {
			isa = PBXProject;
			attributes = {
				BuildIndependentTargetsInParallel = 1;
				LastSwiftUpdateCheck = 1530;
				LastUpgradeCheck = 1530;
				TargetAttributes = {
					3A0790FF2BFD626B005746BF = {
						CreatedOnToolsVersion = 15.3;
					};
				};
			};
			buildConfigurationList = 3A0790FB2BFD626B005746BF /* Build configuration list for PBXProject "SiestaExtSimpleExample" */;
			compatibilityVersion = "Xcode 14.0";
			developmentRegion = en;
			hasScannedForEncodings = 0;
			knownRegions = (
				en,
				Base,
			);
			mainGroup = 3A0790F72BFD626B005746BF;
			productRefGroup = 3A0791012BFD626B005746BF /* Products */;
			projectDirPath = "";
			projectRoot = "";
			targets = (
				3A0790FF2BFD626B005746BF /* SiestaExtSimpleExample */,
			);
		};
/* End PBXProject section */

/* Begin PBXResourcesBuildPhase section */
		3A0790FE2BFD626B005746BF /* Resources */ = {
			isa = PBXResourcesBuildPhase;
			buildActionMask = 2147483647;
			files = (
				3A07910C2BFD626C005746BF /* Preview Assets.xcassets in Resources */,
				3A0791082BFD626C005746BF /* Assets.xcassets in Resources */,
			);
			runOnlyForDeploymentPostprocessing = 0;
		};
/* End PBXResourcesBuildPhase section */

/* Begin PBXSourcesBuildPhase section */
		3A0790FC2BFD626B005746BF /* Sources */ = {
			isa = PBXSourcesBuildPhase;
			buildActionMask = 2147483647;
			files = (
				3A0791202BFD6C87005746BF /* PostView.swift in Sources */,
				3A0791192BFD643E005746BF /* Comment.swift in Sources */,
				3A0791062BFD626B005746BF /* PostsView.swift in Sources */,
				3A07911B2BFD679B005746BF /* User.swift in Sources */,
				3A0791042BFD626B005746BF /* SiestaExtSimpleExampleApp.swift in Sources */,
				3A0791142BFD62E2005746BF /* APIClient.swift in Sources */,
				3A0791172BFD642E005746BF /* Post.swift in Sources */,
			);
			runOnlyForDeploymentPostprocessing = 0;
		};
/* End PBXSourcesBuildPhase section */

/* Begin XCBuildConfiguration section */
		3A07910D2BFD626C005746BF /* Debug */ = {
			isa = XCBuildConfiguration;
			buildSettings = {
				ALWAYS_SEARCH_USER_PATHS = NO;
				ASSETCATALOG_COMPILER_GENERATE_SWIFT_ASSET_SYMBOL_EXTENSIONS = YES;
				CLANG_ANALYZER_NONNULL = YES;
				CLANG_ANALYZER_NUMBER_OBJECT_CONVERSION = YES_AGGRESSIVE;
				CLANG_CXX_LANGUAGE_STANDARD = "gnu++20";
				CLANG_ENABLE_MODULES = YES;
				CLANG_ENABLE_OBJC_ARC = YES;
				CLANG_ENABLE_OBJC_WEAK = YES;
				CLANG_WARN_BLOCK_CAPTURE_AUTORELEASING = YES;
				CLANG_WARN_BOOL_CONVERSION = YES;
				CLANG_WARN_COMMA = YES;
				CLANG_WARN_CONSTANT_CONVERSION = YES;
				CLANG_WARN_DEPRECATED_OBJC_IMPLEMENTATIONS = YES;
				CLANG_WARN_DIRECT_OBJC_ISA_USAGE = YES_ERROR;
				CLANG_WARN_DOCUMENTATION_COMMENTS = YES;
				CLANG_WARN_EMPTY_BODY = YES;
				CLANG_WARN_ENUM_CONVERSION = YES;
				CLANG_WARN_INFINITE_RECURSION = YES;
				CLANG_WARN_INT_CONVERSION = YES;
				CLANG_WARN_NON_LITERAL_NULL_CONVERSION = YES;
				CLANG_WARN_OBJC_IMPLICIT_RETAIN_SELF = YES;
				CLANG_WARN_OBJC_LITERAL_CONVERSION = YES;
				CLANG_WARN_OBJC_ROOT_CLASS = YES_ERROR;
				CLANG_WARN_QUOTED_INCLUDE_IN_FRAMEWORK_HEADER = YES;
				CLANG_WARN_RANGE_LOOP_ANALYSIS = YES;
				CLANG_WARN_STRICT_PROTOTYPES = YES;
				CLANG_WARN_SUSPICIOUS_MOVE = YES;
				CLANG_WARN_UNGUARDED_AVAILABILITY = YES_AGGRESSIVE;
				CLANG_WARN_UNREACHABLE_CODE = YES;
				CLANG_WARN__DUPLICATE_METHOD_MATCH = YES;
				COPY_PHASE_STRIP = NO;
				DEBUG_INFORMATION_FORMAT = dwarf;
				ENABLE_STRICT_OBJC_MSGSEND = YES;
				ENABLE_TESTABILITY = YES;
				ENABLE_USER_SCRIPT_SANDBOXING = YES;
				GCC_C_LANGUAGE_STANDARD = gnu17;
				GCC_DYNAMIC_NO_PIC = NO;
				GCC_NO_COMMON_BLOCKS = YES;
				GCC_OPTIMIZATION_LEVEL = 0;
				GCC_PREPROCESSOR_DEFINITIONS = (
					"DEBUG=1",
					"$(inherited)",
				);
				GCC_WARN_64_TO_32_BIT_CONVERSION = YES;
				GCC_WARN_ABOUT_RETURN_TYPE = YES_ERROR;
				GCC_WARN_UNDECLARED_SELECTOR = YES;
				GCC_WARN_UNINITIALIZED_AUTOS = YES_AGGRESSIVE;
				GCC_WARN_UNUSED_FUNCTION = YES;
				GCC_WARN_UNUSED_VARIABLE = YES;
				LOCALIZATION_PREFERS_STRING_CATALOGS = YES;
				MTL_ENABLE_DEBUG_INFO = INCLUDE_SOURCE;
				MTL_FAST_MATH = YES;
				ONLY_ACTIVE_ARCH = YES;
				SWIFT_ACTIVE_COMPILATION_CONDITIONS = "DEBUG $(inherited)";
				SWIFT_OPTIMIZATION_LEVEL = "-Onone";
			};
			name = Debug;
		};
		3A07910E2BFD626C005746BF /* Release */ = {
			isa = XCBuildConfiguration;
			buildSettings = {
				ALWAYS_SEARCH_USER_PATHS = NO;
				ASSETCATALOG_COMPILER_GENERATE_SWIFT_ASSET_SYMBOL_EXTENSIONS = YES;
				CLANG_ANALYZER_NONNULL = YES;
				CLANG_ANALYZER_NUMBER_OBJECT_CONVERSION = YES_AGGRESSIVE;
				CLANG_CXX_LANGUAGE_STANDARD = "gnu++20";
				CLANG_ENABLE_MODULES = YES;
				CLANG_ENABLE_OBJC_ARC = YES;
				CLANG_ENABLE_OBJC_WEAK = YES;
				CLANG_WARN_BLOCK_CAPTURE_AUTORELEASING = YES;
				CLANG_WARN_BOOL_CONVERSION = YES;
				CLANG_WARN_COMMA = YES;
				CLANG_WARN_CONSTANT_CONVERSION = YES;
				CLANG_WARN_DEPRECATED_OBJC_IMPLEMENTATIONS = YES;
				CLANG_WARN_DIRECT_OBJC_ISA_USAGE = YES_ERROR;
				CLANG_WARN_DOCUMENTATION_COMMENTS = YES;
				CLANG_WARN_EMPTY_BODY = YES;
				CLANG_WARN_ENUM_CONVERSION = YES;
				CLANG_WARN_INFINITE_RECURSION = YES;
				CLANG_WARN_INT_CONVERSION = YES;
				CLANG_WARN_NON_LITERAL_NULL_CONVERSION = YES;
				CLANG_WARN_OBJC_IMPLICIT_RETAIN_SELF = YES;
				CLANG_WARN_OBJC_LITERAL_CONVERSION = YES;
				CLANG_WARN_OBJC_ROOT_CLASS = YES_ERROR;
				CLANG_WARN_QUOTED_INCLUDE_IN_FRAMEWORK_HEADER = YES;
				CLANG_WARN_RANGE_LOOP_ANALYSIS = YES;
				CLANG_WARN_STRICT_PROTOTYPES = YES;
				CLANG_WARN_SUSPICIOUS_MOVE = YES;
				CLANG_WARN_UNGUARDED_AVAILABILITY = YES_AGGRESSIVE;
				CLANG_WARN_UNREACHABLE_CODE = YES;
				CLANG_WARN__DUPLICATE_METHOD_MATCH = YES;
				COPY_PHASE_STRIP = NO;
				DEBUG_INFORMATION_FORMAT = "dwarf-with-dsym";
				ENABLE_NS_ASSERTIONS = NO;
				ENABLE_STRICT_OBJC_MSGSEND = YES;
				ENABLE_USER_SCRIPT_SANDBOXING = YES;
				GCC_C_LANGUAGE_STANDARD = gnu17;
				GCC_NO_COMMON_BLOCKS = YES;
				GCC_WARN_64_TO_32_BIT_CONVERSION = YES;
				GCC_WARN_ABOUT_RETURN_TYPE = YES_ERROR;
				GCC_WARN_UNDECLARED_SELECTOR = YES;
				GCC_WARN_UNINITIALIZED_AUTOS = YES_AGGRESSIVE;
				GCC_WARN_UNUSED_FUNCTION = YES;
				GCC_WARN_UNUSED_VARIABLE = YES;
				LOCALIZATION_PREFERS_STRING_CATALOGS = YES;
				MTL_ENABLE_DEBUG_INFO = NO;
				MTL_FAST_MATH = YES;
				SWIFT_COMPILATION_MODE = wholemodule;
			};
			name = Release;
		};
		3A0791102BFD626C005746BF /* Debug */ = {
			isa = XCBuildConfiguration;
			buildSettings = {
				ASSETCATALOG_COMPILER_APPICON_NAME = AppIcon;
				ASSETCATALOG_COMPILER_GLOBAL_ACCENT_COLOR_NAME = AccentColor;
				CODE_SIGN_ENTITLEMENTS = SiestaExtSimpleExample/SiestaExtSimpleExample.entitlements;
				CODE_SIGN_STYLE = Automatic;
				CURRENT_PROJECT_VERSION = 1;
				DEVELOPMENT_ASSET_PATHS = "\"SiestaExtSimpleExample/Preview Content\"";
				DEVELOPMENT_TEAM = 8J742KCLC4;
				ENABLE_HARDENED_RUNTIME = YES;
				ENABLE_PREVIEWS = YES;
				GENERATE_INFOPLIST_FILE = YES;
				"INFOPLIST_KEY_UIApplicationSceneManifest_Generation[sdk=iphoneos*]" = YES;
				"INFOPLIST_KEY_UIApplicationSceneManifest_Generation[sdk=iphonesimulator*]" = YES;
				"INFOPLIST_KEY_UIApplicationSupportsIndirectInputEvents[sdk=iphoneos*]" = YES;
				"INFOPLIST_KEY_UIApplicationSupportsIndirectInputEvents[sdk=iphonesimulator*]" = YES;
				"INFOPLIST_KEY_UILaunchScreen_Generation[sdk=iphoneos*]" = YES;
				"INFOPLIST_KEY_UILaunchScreen_Generation[sdk=iphonesimulator*]" = YES;
				"INFOPLIST_KEY_UIStatusBarStyle[sdk=iphoneos*]" = UIStatusBarStyleDefault;
				"INFOPLIST_KEY_UIStatusBarStyle[sdk=iphonesimulator*]" = UIStatusBarStyleDefault;
				INFOPLIST_KEY_UISupportedInterfaceOrientations_iPad = "UIInterfaceOrientationPortrait UIInterfaceOrientationPortraitUpsideDown UIInterfaceOrientationLandscapeLeft UIInterfaceOrientationLandscapeRight";
				INFOPLIST_KEY_UISupportedInterfaceOrientations_iPhone = "UIInterfaceOrientationPortrait UIInterfaceOrientationLandscapeLeft UIInterfaceOrientationLandscapeRight";
				IPHONEOS_DEPLOYMENT_TARGET = 17.0;
				LD_RUNPATH_SEARCH_PATHS = "@executable_path/Frameworks";
				"LD_RUNPATH_SEARCH_PATHS[sdk=macosx*]" = "@executable_path/../Frameworks";
				MACOSX_DEPLOYMENT_TARGET = 14.0;
				MARKETING_VERSION = 1.0;
				PRODUCT_BUNDLE_IDENTIFIER = org.luxmentis.SiestaExtSimpleExample;
				PRODUCT_NAME = "$(TARGET_NAME)";
				SDKROOT = iphoneos;
				SUPPORTED_PLATFORMS = "iphoneos iphonesimulator macosx";
				SWIFT_EMIT_LOC_STRINGS = YES;
				SWIFT_VERSION = 5.0;
				TARGETED_DEVICE_FAMILY = "1,2";
			};
			name = Debug;
		};
		3A0791112BFD626C005746BF /* Release */ = {
			isa = XCBuildConfiguration;
			buildSettings = {
				ASSETCATALOG_COMPILER_APPICON_NAME = AppIcon;
				ASSETCATALOG_COMPILER_GLOBAL_ACCENT_COLOR_NAME = AccentColor;
				CODE_SIGN_ENTITLEMENTS = SiestaExtSimpleExample/SiestaExtSimpleExample.entitlements;
				CODE_SIGN_STYLE = Automatic;
				CURRENT_PROJECT_VERSION = 1;
				DEVELOPMENT_ASSET_PATHS = "\"SiestaExtSimpleExample/Preview Content\"";
				DEVELOPMENT_TEAM = 8J742KCLC4;
				ENABLE_HARDENED_RUNTIME = YES;
				ENABLE_PREVIEWS = YES;
				GENERATE_INFOPLIST_FILE = YES;
				"INFOPLIST_KEY_UIApplicationSceneManifest_Generation[sdk=iphoneos*]" = YES;
				"INFOPLIST_KEY_UIApplicationSceneManifest_Generation[sdk=iphonesimulator*]" = YES;
				"INFOPLIST_KEY_UIApplicationSupportsIndirectInputEvents[sdk=iphoneos*]" = YES;
				"INFOPLIST_KEY_UIApplicationSupportsIndirectInputEvents[sdk=iphonesimulator*]" = YES;
				"INFOPLIST_KEY_UILaunchScreen_Generation[sdk=iphoneos*]" = YES;
				"INFOPLIST_KEY_UILaunchScreen_Generation[sdk=iphonesimulator*]" = YES;
				"INFOPLIST_KEY_UIStatusBarStyle[sdk=iphoneos*]" = UIStatusBarStyleDefault;
				"INFOPLIST_KEY_UIStatusBarStyle[sdk=iphonesimulator*]" = UIStatusBarStyleDefault;
				INFOPLIST_KEY_UISupportedInterfaceOrientations_iPad = "UIInterfaceOrientationPortrait UIInterfaceOrientationPortraitUpsideDown UIInterfaceOrientationLandscapeLeft UIInterfaceOrientationLandscapeRight";
				INFOPLIST_KEY_UISupportedInterfaceOrientations_iPhone = "UIInterfaceOrientationPortrait UIInterfaceOrientationLandscapeLeft UIInterfaceOrientationLandscapeRight";
				IPHONEOS_DEPLOYMENT_TARGET = 17.0;
				LD_RUNPATH_SEARCH_PATHS = "@executable_path/Frameworks";
				"LD_RUNPATH_SEARCH_PATHS[sdk=macosx*]" = "@executable_path/../Frameworks";
				MACOSX_DEPLOYMENT_TARGET = 14.0;
				MARKETING_VERSION = 1.0;
				PRODUCT_BUNDLE_IDENTIFIER = org.luxmentis.SiestaExtSimpleExample;
				PRODUCT_NAME = "$(TARGET_NAME)";
				SDKROOT = iphoneos;
				SUPPORTED_PLATFORMS = "iphoneos iphonesimulator macosx";
				SWIFT_EMIT_LOC_STRINGS = YES;
				SWIFT_VERSION = 5.0;
				TARGETED_DEVICE_FAMILY = "1,2";
			};
			name = Release;
		};
/* End XCBuildConfiguration section */

/* Begin XCConfigurationList section */
		3A0790FB2BFD626B005746BF /* Build configuration list for PBXProject "SiestaExtSimpleExample" */ = {
			isa = XCConfigurationList;
			buildConfigurations = (
				3A07910D2BFD626C005746BF /* Debug */,
				3A07910E2BFD626C005746BF /* Release */,
			);
			defaultConfigurationIsVisible = 0;
			defaultConfigurationName = Release;
		};
		3A07910F2BFD626C005746BF /* Build configuration list for PBXNativeTarget "SiestaExtSimpleExample" */ = {
			isa = XCConfigurationList;
			buildConfigurations = (
				3A0791102BFD626C005746BF /* Debug */,
				3A0791112BFD626C005746BF /* Release */,
			);
			defaultConfigurationIsVisible = 0;
			defaultConfigurationName = Release;
		};
/* End XCConfigurationList section */

/* Begin XCSwiftPackageProductDependency section */
		3A07911D2BFD6B4C005746BF /* SiestaExt */ = {
			isa = XCSwiftPackageProductDependency;
			productName = SiestaExt;
		};
/* End XCSwiftPackageProductDependency section */
	};
	rootObject = 3A0790F82BFD626B005746BF /* Project object */;
}
